
Microsoft Visual Studio Solution File, Format Version 12.00
# Visual Studio Version 16
VisualStudioVersion = 16.0.32106.194
MinimumVisualStudioVersion = 10.0.40219.1
Project("{FAE04EC0-301F-11D3-BF4B-00C04F79EFBC}") = "Задание 2-17.06.2022", "Задание 2-17.06.2022.csproj", "{385008CE-338E-474D-9A3C-29B50181FE18}"
EndProject
Global
	GlobalSection(SolutionConfigurationPlatforms) = preSolution
		Debug|Any CPU = Debug|Any CPU
		Release|Any CPU = Release|Any CPU
	EndGlobalSection
	GlobalSection(ProjectConfigurationPlatforms) = postSolution
		{385008CE-338E-474D-9A3C-29B50181FE18}.Debug|Any CPU.ActiveCfg = Debug|Any CPU
		{385008CE-338E-474D-9A3C-29B50181FE18}.Debug|Any CPU.Build.0 = Debug|Any CPU
		{385008CE-338E-474D-9A3C-29B50181FE18}.Release|Any CPU.ActiveCfg = Release|Any CPU
		{385008CE-338E-474D-9A3C-29B50181FE18}.Release|Any CPU.Build.0 = Release|Any CPU
	EndGlobalSection
	GlobalSection(SolutionProperties) = preSolution
		HideSolutionNode = FALSE
	EndGlobalSection
	GlobalSection(ExtensibilityGlobals) = postSolution
		SolutionGuid = {3291F39C-A71A-4C6B-886A-D3B90DEA9703}
	EndGlobalSection
EndGlobal
