
Microsoft Visual Studio Solution File, Format Version 12.00
# Visual Studio Version 16
VisualStudioVersion = 16.0.30517.126
MinimumVisualStudioVersion = 10.0.40219.1
Project("{FAE04EC0-301F-11D3-BF4B-00C04F79EFBC}") = "Задание 2-16.06.2022", "Задание 2-16.06.2022\Задание 2-16.06.2022.csproj", "{978BD734-93C3-4A30-A5D2-25B53EEE3EEB}"
EndProject
Global
	GlobalSection(SolutionConfigurationPlatforms) = preSolution
		Debug|Any CPU = Debug|Any CPU
		Release|Any CPU = Release|Any CPU
	EndGlobalSection
	GlobalSection(ProjectConfigurationPlatforms) = postSolution
		{978BD734-93C3-4A30-A5D2-25B53EEE3EEB}.Debug|Any CPU.ActiveCfg = Debug|Any CPU
		{978BD734-93C3-4A30-A5D2-25B53EEE3EEB}.Debug|Any CPU.Build.0 = Debug|Any CPU
		{978BD734-93C3-4A30-A5D2-25B53EEE3EEB}.Release|Any CPU.ActiveCfg = Release|Any CPU
		{978BD734-93C3-4A30-A5D2-25B53EEE3EEB}.Release|Any CPU.Build.0 = Release|Any CPU
	EndGlobalSection
	GlobalSection(SolutionProperties) = preSolution
		HideSolutionNode = FALSE
	EndGlobalSection
	GlobalSection(ExtensibilityGlobals) = postSolution
		SolutionGuid = {BD81FA0B-BC08-4E91-9BEC-D6B41C6B0012}
	EndGlobalSection
EndGlobal
