
Microsoft Visual Studio Solution File, Format Version 12.00
# Visual Studio Version 16
VisualStudioVersion = 16.0.30517.126
MinimumVisualStudioVersion = 10.0.40219.1
Project("{FAE04EC0-301F-11D3-BF4B-00C04F79EFBC}") = "Задание 7-30.06.2022", "Задание 7-30.06.2022\Задание 7-30.06.2022.csproj", "{AB7ED774-F6D0-4F14-AA88-D787B0526F32}"
EndProject
Global
	GlobalSection(SolutionConfigurationPlatforms) = preSolution
		Debug|Any CPU = Debug|Any CPU
		Release|Any CPU = Release|Any CPU
	EndGlobalSection
	GlobalSection(ProjectConfigurationPlatforms) = postSolution
		{AB7ED774-F6D0-4F14-AA88-D787B0526F32}.Debug|Any CPU.ActiveCfg = Debug|Any CPU
		{AB7ED774-F6D0-4F14-AA88-D787B0526F32}.Debug|Any CPU.Build.0 = Debug|Any CPU
		{AB7ED774-F6D0-4F14-AA88-D787B0526F32}.Release|Any CPU.ActiveCfg = Release|Any CPU
		{AB7ED774-F6D0-4F14-AA88-D787B0526F32}.Release|Any CPU.Build.0 = Release|Any CPU
	EndGlobalSection
	GlobalSection(SolutionProperties) = preSolution
		HideSolutionNode = FALSE
	EndGlobalSection
	GlobalSection(ExtensibilityGlobals) = postSolution
		SolutionGuid = {7CBC8263-DA36-4456-BB09-733AF26E1E4F}
	EndGlobalSection
EndGlobal
