
Microsoft Visual Studio Solution File, Format Version 12.00
# Visual Studio Version 16
VisualStudioVersion = 16.0.32106.194
MinimumVisualStudioVersion = 10.0.40219.1
Project("{FAE04EC0-301F-11D3-BF4B-00C04F79EFBC}") = "Задание1.1", "Задание1.1.csproj", "{12094449-FEEB-4141-AC71-8EF494F84FD1}"
EndProject
Global
	GlobalSection(SolutionConfigurationPlatforms) = preSolution
		Debug|Any CPU = Debug|Any CPU
		Release|Any CPU = Release|Any CPU
	EndGlobalSection
	GlobalSection(ProjectConfigurationPlatforms) = postSolution
		{12094449-FEEB-4141-AC71-8EF494F84FD1}.Debug|Any CPU.ActiveCfg = Debug|Any CPU
		{12094449-FEEB-4141-AC71-8EF494F84FD1}.Debug|Any CPU.Build.0 = Debug|Any CPU
		{12094449-FEEB-4141-AC71-8EF494F84FD1}.Release|Any CPU.ActiveCfg = Release|Any CPU
		{12094449-FEEB-4141-AC71-8EF494F84FD1}.Release|Any CPU.Build.0 = Release|Any CPU
	EndGlobalSection
	GlobalSection(SolutionProperties) = preSolution
		HideSolutionNode = FALSE
	EndGlobalSection
	GlobalSection(ExtensibilityGlobals) = postSolution
		SolutionGuid = {264DF4A8-D923-43A3-9237-D17B9CBC60EF}
	EndGlobalSection
EndGlobal
