
Microsoft Visual Studio Solution File, Format Version 12.00
# Visual Studio Version 16
VisualStudioVersion = 16.0.30517.126
MinimumVisualStudioVersion = 10.0.40219.1
Project("{FAE04EC0-301F-11D3-BF4B-00C04F79EFBC}") = "Задание 6-30.06.2022", "Задание 6-30.06.2022\Задание 6-30.06.2022.csproj", "{2CCCDF54-DB9A-4BF6-8C97-908C6F19937A}"
EndProject
Global
	GlobalSection(SolutionConfigurationPlatforms) = preSolution
		Debug|Any CPU = Debug|Any CPU
		Release|Any CPU = Release|Any CPU
	EndGlobalSection
	GlobalSection(ProjectConfigurationPlatforms) = postSolution
		{2CCCDF54-DB9A-4BF6-8C97-908C6F19937A}.Debug|Any CPU.ActiveCfg = Debug|Any CPU
		{2CCCDF54-DB9A-4BF6-8C97-908C6F19937A}.Debug|Any CPU.Build.0 = Debug|Any CPU
		{2CCCDF54-DB9A-4BF6-8C97-908C6F19937A}.Release|Any CPU.ActiveCfg = Release|Any CPU
		{2CCCDF54-DB9A-4BF6-8C97-908C6F19937A}.Release|Any CPU.Build.0 = Release|Any CPU
	EndGlobalSection
	GlobalSection(SolutionProperties) = preSolution
		HideSolutionNode = FALSE
	EndGlobalSection
	GlobalSection(ExtensibilityGlobals) = postSolution
		SolutionGuid = {ABE67476-4BE4-4E96-9AD1-6232519BA5BA}
	EndGlobalSection
EndGlobal
