
Microsoft Visual Studio Solution File, Format Version 12.00
# Visual Studio Version 16
VisualStudioVersion = 16.0.32106.194
MinimumVisualStudioVersion = 10.0.40219.1
Project("{FAE04EC0-301F-11D3-BF4B-00C04F79EFBC}") = "Задание 4-22.06.2022", "Задание 4-22.06.2022.csproj", "{CC9492D7-CEE5-4923-8D7B-C5BEF9697230}"
EndProject
Global
	GlobalSection(SolutionConfigurationPlatforms) = preSolution
		Debug|Any CPU = Debug|Any CPU
		Release|Any CPU = Release|Any CPU
	EndGlobalSection
	GlobalSection(ProjectConfigurationPlatforms) = postSolution
		{CC9492D7-CEE5-4923-8D7B-C5BEF9697230}.Debug|Any CPU.ActiveCfg = Debug|Any CPU
		{CC9492D7-CEE5-4923-8D7B-C5BEF9697230}.Debug|Any CPU.Build.0 = Debug|Any CPU
		{CC9492D7-CEE5-4923-8D7B-C5BEF9697230}.Release|Any CPU.ActiveCfg = Release|Any CPU
		{CC9492D7-CEE5-4923-8D7B-C5BEF9697230}.Release|Any CPU.Build.0 = Release|Any CPU
	EndGlobalSection
	GlobalSection(SolutionProperties) = preSolution
		HideSolutionNode = FALSE
	EndGlobalSection
	GlobalSection(ExtensibilityGlobals) = postSolution
		SolutionGuid = {3956B43B-2351-4378-9BE6-1D27F693FBFC}
	EndGlobalSection
EndGlobal
