
Microsoft Visual Studio Solution File, Format Version 12.00
# Visual Studio Version 16
VisualStudioVersion = 16.0.30517.126
MinimumVisualStudioVersion = 10.0.40219.1
Project("{FAE04EC0-301F-11D3-BF4B-00C04F79EFBC}") = "Задание 2-23.06.2022 WPF edition", "Задание 2-23.06.2022 WPF edition\Задание 2-23.06.2022 WPF edition.csproj", "{2108129B-600A-477D-B79F-9BD401F010A9}"
EndProject
Global
	GlobalSection(SolutionConfigurationPlatforms) = preSolution
		Debug|Any CPU = Debug|Any CPU
		Release|Any CPU = Release|Any CPU
	EndGlobalSection
	GlobalSection(ProjectConfigurationPlatforms) = postSolution
		{2108129B-600A-477D-B79F-9BD401F010A9}.Debug|Any CPU.ActiveCfg = Debug|Any CPU
		{2108129B-600A-477D-B79F-9BD401F010A9}.Debug|Any CPU.Build.0 = Debug|Any CPU
		{2108129B-600A-477D-B79F-9BD401F010A9}.Release|Any CPU.ActiveCfg = Release|Any CPU
		{2108129B-600A-477D-B79F-9BD401F010A9}.Release|Any CPU.Build.0 = Release|Any CPU
	EndGlobalSection
	GlobalSection(SolutionProperties) = preSolution
		HideSolutionNode = FALSE
	EndGlobalSection
	GlobalSection(ExtensibilityGlobals) = postSolution
		SolutionGuid = {B3421187-C5CF-4ABB-A66B-ED391A26D620}
	EndGlobalSection
EndGlobal
