
Microsoft Visual Studio Solution File, Format Version 12.00
# Visual Studio Version 16
VisualStudioVersion = 16.0.32106.194
MinimumVisualStudioVersion = 10.0.40219.1
Project("{FAE04EC0-301F-11D3-BF4B-00C04F79EFBC}") = "Задание2", "Задание2.csproj", "{450AC3F2-A958-4FC4-8ADA-637DB9B6DEA9}"
EndProject
Global
	GlobalSection(SolutionConfigurationPlatforms) = preSolution
		Debug|Any CPU = Debug|Any CPU
		Release|Any CPU = Release|Any CPU
	EndGlobalSection
	GlobalSection(ProjectConfigurationPlatforms) = postSolution
		{450AC3F2-A958-4FC4-8ADA-637DB9B6DEA9}.Debug|Any CPU.ActiveCfg = Debug|Any CPU
		{450AC3F2-A958-4FC4-8ADA-637DB9B6DEA9}.Debug|Any CPU.Build.0 = Debug|Any CPU
		{450AC3F2-A958-4FC4-8ADA-637DB9B6DEA9}.Release|Any CPU.ActiveCfg = Release|Any CPU
		{450AC3F2-A958-4FC4-8ADA-637DB9B6DEA9}.Release|Any CPU.Build.0 = Release|Any CPU
	EndGlobalSection
	GlobalSection(SolutionProperties) = preSolution
		HideSolutionNode = FALSE
	EndGlobalSection
	GlobalSection(ExtensibilityGlobals) = postSolution
		SolutionGuid = {350458F0-ADEB-408D-B2ED-54087749DF30}
	EndGlobalSection
EndGlobal
